
Microsoft Visual Studio Solution File, Format Version 12.00
# Visual Studio Version 17
VisualStudioVersion = 17.2.32616.157
MinimumVisualStudioVersion = 10.0.40219.1
Project("{FAE04EC0-301F-11D3-BF4B-00C04F79EFBC}") = "MvcMovie", "MvcMovie\MvcMovie.csproj", "{65C9B84A-88C5-4FA0-8426-F1BBD8D33653}"
EndProject
Global
	GlobalSection(SolutionConfigurationPlatforms) = preSolution
		Debug|Any CPU = Debug|Any CPU
		Release|Any CPU = Release|Any CPU
	EndGlobalSection
	GlobalSection(ProjectConfigurationPlatforms) = postSolution
		{65C9B84A-88C5-4FA0-8426-F1BBD8D33653}.Debug|Any CPU.ActiveCfg = Debug|Any CPU
		{65C9B84A-88C5-4FA0-8426-F1BBD8D33653}.Debug|Any CPU.Build.0 = Debug|Any CPU
		{65C9B84A-88C5-4FA0-8426-F1BBD8D33653}.Release|Any CPU.ActiveCfg = Release|Any CPU
		{65C9B84A-88C5-4FA0-8426-F1BBD8D33653}.Release|Any CPU.Build.0 = Release|Any CPU
	EndGlobalSection
	GlobalSection(SolutionProperties) = preSolution
		HideSolutionNode = FALSE
	EndGlobalSection
	GlobalSection(ExtensibilityGlobals) = postSolution
		SolutionGuid = {1752E7F1-FFE6-4BC6-95B4-A9B3C5FDA35F}
	EndGlobalSection
EndGlobal
